
Microsoft Visual Studio Solution File, Format Version 12.00
# Visual Studio Version 17
VisualStudioVersion = 17.0.31903.59
MinimumVisualStudioVersion = 10.0.40219.1
Project("{FAE04EC0-301F-11D3-BF4B-00C04F79EFBC}") = "CinemaAPI", "Back\CinemaAPI.csproj", "{F825255C-78C5-4BF8-B1D7-975A24DFDA08}"
EndProject
Project("{FAE04EC0-301F-11D3-BF4B-00C04F79EFBC}") = "CinemaDB", "Database\CinemaDB.csproj", "{87CF1CA5-9058-4CBF-B0E3-AF871565F592}"
EndProject
Global
	GlobalSection(SolutionConfigurationPlatforms) = preSolution
		Debug|Any CPU = Debug|Any CPU
		Release|Any CPU = Release|Any CPU
	EndGlobalSection
	GlobalSection(SolutionProperties) = preSolution
		HideSolutionNode = FALSE
	EndGlobalSection
	GlobalSection(ProjectConfigurationPlatforms) = postSolution
		{F825255C-78C5-4BF8-B1D7-975A24DFDA08}.Debug|Any CPU.ActiveCfg = Debug|Any CPU
		{F825255C-78C5-4BF8-B1D7-975A24DFDA08}.Debug|Any CPU.Build.0 = Debug|Any CPU
		{F825255C-78C5-4BF8-B1D7-975A24DFDA08}.Release|Any CPU.ActiveCfg = Release|Any CPU
		{F825255C-78C5-4BF8-B1D7-975A24DFDA08}.Release|Any CPU.Build.0 = Release|Any CPU
		{87CF1CA5-9058-4CBF-B0E3-AF871565F592}.Debug|Any CPU.ActiveCfg = Debug|Any CPU
		{87CF1CA5-9058-4CBF-B0E3-AF871565F592}.Debug|Any CPU.Build.0 = Debug|Any CPU
		{87CF1CA5-9058-4CBF-B0E3-AF871565F592}.Release|Any CPU.ActiveCfg = Release|Any CPU
		{87CF1CA5-9058-4CBF-B0E3-AF871565F592}.Release|Any CPU.Build.0 = Release|Any CPU
	EndGlobalSection
EndGlobal
